
Microsoft Visual Studio Solution File, Format Version 12.00
# Visual Studio 15
VisualStudioVersion = 15.0.27703.2026
MinimumVisualStudioVersion = 10.0.40219.1
Project("{FAE04EC0-301F-11D3-BF4B-00C04F79EFBC}") = "ScoreAnalyser.ConsoleApp", "ScoreAnalyser.Console\ScoreAnalyser.ConsoleApp.csproj", "{406FC1CC-EF04-46B0-A93E-B58AF189AA46}"
EndProject
Project("{9A19103F-16F7-4668-BE54-9A1E7A4F7556}") = "ScoreAnalyser.Model", "ScoreAnalsyser.Model\ScoreAnalyser.Model.csproj", "{89FA85F2-080F-4FEF-AB04-A0A582BF5AB7}"
EndProject
Project("{FAE04EC0-301F-11D3-BF4B-00C04F79EFBC}") = "ScoreAnalyser.Services", "ScoreAnalyser.Services\ScoreAnalyser.Services.csproj", "{C1964A43-805F-4696-A11A-F9AAF498B38F}"
EndProject
Project("{FAE04EC0-301F-11D3-BF4B-00C04F79EFBC}") = "ScoreAnalser.Web", "ScoreAnalser.Web\ScoreAnalser.Web.csproj", "{A278F684-0CB9-48A9-A252-BE37237F5D82}"
EndProject
Project("{FAE04EC0-301F-11D3-BF4B-00C04F79EFBC}") = "Common", "Common\Common.csproj", "{746359E8-2B7D-4FC5-ABC6-A30632A6556A}"
EndProject
Global
	GlobalSection(SolutionConfigurationPlatforms) = preSolution
		Debug|Any CPU = Debug|Any CPU
		Release|Any CPU = Release|Any CPU
	EndGlobalSection
	GlobalSection(ProjectConfigurationPlatforms) = postSolution
		{406FC1CC-EF04-46B0-A93E-B58AF189AA46}.Debug|Any CPU.ActiveCfg = Debug|Any CPU
		{406FC1CC-EF04-46B0-A93E-B58AF189AA46}.Debug|Any CPU.Build.0 = Debug|Any CPU
		{406FC1CC-EF04-46B0-A93E-B58AF189AA46}.Release|Any CPU.ActiveCfg = Release|Any CPU
		{406FC1CC-EF04-46B0-A93E-B58AF189AA46}.Release|Any CPU.Build.0 = Release|Any CPU
		{89FA85F2-080F-4FEF-AB04-A0A582BF5AB7}.Debug|Any CPU.ActiveCfg = Debug|Any CPU
		{89FA85F2-080F-4FEF-AB04-A0A582BF5AB7}.Debug|Any CPU.Build.0 = Debug|Any CPU
		{89FA85F2-080F-4FEF-AB04-A0A582BF5AB7}.Release|Any CPU.ActiveCfg = Release|Any CPU
		{89FA85F2-080F-4FEF-AB04-A0A582BF5AB7}.Release|Any CPU.Build.0 = Release|Any CPU
		{C1964A43-805F-4696-A11A-F9AAF498B38F}.Debug|Any CPU.ActiveCfg = Debug|Any CPU
		{C1964A43-805F-4696-A11A-F9AAF498B38F}.Debug|Any CPU.Build.0 = Debug|Any CPU
		{C1964A43-805F-4696-A11A-F9AAF498B38F}.Release|Any CPU.ActiveCfg = Release|Any CPU
		{C1964A43-805F-4696-A11A-F9AAF498B38F}.Release|Any CPU.Build.0 = Release|Any CPU
		{A278F684-0CB9-48A9-A252-BE37237F5D82}.Debug|Any CPU.ActiveCfg = Debug|Any CPU
		{A278F684-0CB9-48A9-A252-BE37237F5D82}.Debug|Any CPU.Build.0 = Debug|Any CPU
		{A278F684-0CB9-48A9-A252-BE37237F5D82}.Release|Any CPU.ActiveCfg = Release|Any CPU
		{A278F684-0CB9-48A9-A252-BE37237F5D82}.Release|Any CPU.Build.0 = Release|Any CPU
		{746359E8-2B7D-4FC5-ABC6-A30632A6556A}.Debug|Any CPU.ActiveCfg = Debug|Any CPU
		{746359E8-2B7D-4FC5-ABC6-A30632A6556A}.Debug|Any CPU.Build.0 = Debug|Any CPU
		{746359E8-2B7D-4FC5-ABC6-A30632A6556A}.Release|Any CPU.ActiveCfg = Release|Any CPU
		{746359E8-2B7D-4FC5-ABC6-A30632A6556A}.Release|Any CPU.Build.0 = Release|Any CPU
	EndGlobalSection
	GlobalSection(SolutionProperties) = preSolution
		HideSolutionNode = FALSE
	EndGlobalSection
	GlobalSection(ExtensibilityGlobals) = postSolution
		SolutionGuid = {4F95DF4D-F5C5-484C-A615-D50527F9F4E7}
	EndGlobalSection
EndGlobal
